
Microsoft Visual Studio Solution File, Format Version 12.00
# Visual Studio 2017
Project("{FAE04EC0-301F-11D3-BF4B-00C04F79EFBC}") = "AndersCalc", "AndersCalc.csproj", "{FC1A1383-80F8-958A-843F-B3A5D5019E49}"
EndProject
Global
	GlobalSection(SolutionConfigurationPlatforms) = preSolution
		Debug|Any CPU = Debug|Any CPU
		Release|Any CPU = Release|Any CPU
	EndGlobalSection
	GlobalSection(ProjectConfigurationPlatforms) = postSolution
		{FC1A1383-80F8-958A-843F-B3A5D5019E49}.Debug|Any CPU.ActiveCfg = Debug|Any CPU
		{FC1A1383-80F8-958A-843F-B3A5D5019E49}.Debug|Any CPU.Build.0 = Debug|Any CPU
		{FC1A1383-80F8-958A-843F-B3A5D5019E49}.Release|Any CPU.ActiveCfg = Release|Any CPU
		{FC1A1383-80F8-958A-843F-B3A5D5019E49}.Release|Any CPU.Build.0 = Release|Any CPU
	EndGlobalSection
	GlobalSection(SolutionProperties) = preSolution
		HideSolutionNode = FALSE
	EndGlobalSection
EndGlobal
